// !$*UTF8*$!
{
	archiveVersion = 1;
	classes = {
	};
	objectVersion = 46;
	objects = {

/* Begin PBXBuildFile section */
		890A35F31F9FB72300AA1089 /* AppDelegate.swift in Sources */ = {isa = PBXBuildFile; fileRef = 890A35F21F9FB72300AA1089 /* AppDelegate.swift */; };
		890A35FA1F9FB72300AA1089 /* Assets.xcassets in Resources */ = {isa = PBXBuildFile; fileRef = 890A35F91F9FB72300AA1089 /* Assets.xcassets */; };
		890A35FD1F9FB72300AA1089 /* LaunchScreen.storyboard in Resources */ = {isa = PBXBuildFile; fileRef = 890A35FB1F9FB72300AA1089 /* LaunchScreen.storyboard */; };
		890A360D1F9FBCD300AA1089 /* APIManager.swift in Sources */ = {isa = PBXBuildFile; fileRef = 890A36061F9FBCD300AA1089 /* APIManager.swift */; };
		890A360E1F9FBCD300AA1089 /* NavigationBar.swift in Sources */ = {isa = PBXBuildFile; fileRef = 890A36071F9FBCD300AA1089 /* NavigationBar.swift */; };
		890A360F1F9FBCD300AA1089 /* NavigationBar.xib in Resources */ = {isa = PBXBuildFile; fileRef = 890A36081F9FBCD300AA1089 /* NavigationBar.xib */; };
		890A36101F9FBCD300AA1089 /* NetworkReachability.swift in Sources */ = {isa = PBXBuildFile; fileRef = 890A36091F9FBCD300AA1089 /* NetworkReachability.swift */; };
		890A36111F9FBCD300AA1089 /* UIAlertController.swift in Sources */ = {isa = PBXBuildFile; fileRef = 890A360A1F9FBCD300AA1089 /* UIAlertController.swift */; };
		890A36121F9FBCD300AA1089 /* UILabel+Extension.swift in Sources */ = {isa = PBXBuildFile; fileRef = 890A360B1F9FBCD300AA1089 /* UILabel+Extension.swift */; };
		890A36131F9FBCD300AA1089 /* ViewUtil.swift in Sources */ = {isa = PBXBuildFile; fileRef = 890A360C1F9FBCD300AA1089 /* ViewUtil.swift */; };
		890A36151F9FBDD800AA1089 /* HomeViewController.swift in Sources */ = {isa = PBXBuildFile; fileRef = 890A36141F9FBDD800AA1089 /* HomeViewController.swift */; };
		890A36181F9FBDE100AA1089 /* Home.storyboard in Resources */ = {isa = PBXBuildFile; fileRef = 890A36161F9FBDE100AA1089 /* Home.storyboard */; };
		890A361B1F9FC47700AA1089 /* HomePresenter.swift in Sources */ = {isa = PBXBuildFile; fileRef = 890A361A1F9FC47700AA1089 /* HomePresenter.swift */; };
		890A361D1F9FC48400AA1089 /* HomeService.swift in Sources */ = {isa = PBXBuildFile; fileRef = 890A361C1F9FC48400AA1089 /* HomeService.swift */; };
		890A36201F9FCCD200AA1089 /* Video.swift in Sources */ = {isa = PBXBuildFile; fileRef = 890A361F1F9FCCD200AA1089 /* Video.swift */; };
		890A36221F9FD26400AA1089 /* APIConstants.swift in Sources */ = {isa = PBXBuildFile; fileRef = 890A36211F9FD26400AA1089 /* APIConstants.swift */; };
		890A36241F9FDF6700AA1089 /* VideosViewController.swift in Sources */ = {isa = PBXBuildFile; fileRef = 890A36231F9FDF6700AA1089 /* VideosViewController.swift */; };
		89FFE1031F9FE6BD007C44CF /* Videos.storyboard in Resources */ = {isa = PBXBuildFile; fileRef = 89FFE1011F9FE6BD007C44CF /* Videos.storyboard */; };
		89FFE10A1FA00E3A007C44CF /* videoTableViewCell.swift in Sources */ = {isa = PBXBuildFile; fileRef = 89FFE1081FA00E3A007C44CF /* videoTableViewCell.swift */; };
		89FFE10B1FA00E3A007C44CF /* videoTableViewCell.xib in Resources */ = {isa = PBXBuildFile; fileRef = 89FFE1091FA00E3A007C44CF /* videoTableViewCell.xib */; };
		89FFE10D1FA01CE3007C44CF /* VideosPresenter.swift in Sources */ = {isa = PBXBuildFile; fileRef = 89FFE10C1FA01CE3007C44CF /* VideosPresenter.swift */; };
		89FFE1151FA11C4D007C44CF /* DetailVideoPresenter.swift in Sources */ = {isa = PBXBuildFile; fileRef = 89FFE1131FA11C4D007C44CF /* DetailVideoPresenter.swift */; };
		89FFE1161FA11C4D007C44CF /* DetailVideoViewController.swift in Sources */ = {isa = PBXBuildFile; fileRef = 89FFE1141FA11C4D007C44CF /* DetailVideoViewController.swift */; };
		89FFE1181FA11DFC007C44CF /* DetailVideoService.swift in Sources */ = {isa = PBXBuildFile; fileRef = 89FFE1171FA11DFC007C44CF /* DetailVideoService.swift */; };
		E23406D554186615E42FDD14 /* Pods_teste_mobile.framework in Frameworks */ = {isa = PBXBuildFile; fileRef = 4158AD92521240D37651C8F1 /* Pods_teste_mobile.framework */; };
/* End PBXBuildFile section */

/* Begin PBXFileReference section */
		4158AD92521240D37651C8F1 /* Pods_teste_mobile.framework */ = {isa = PBXFileReference; explicitFileType = wrapper.framework; includeInIndex = 0; path = Pods_teste_mobile.framework; sourceTree = BUILT_PRODUCTS_DIR; };
		890A35EF1F9FB72300AA1089 /* teste-mobile.app */ = {isa = PBXFileReference; explicitFileType = wrapper.application; includeInIndex = 0; path = "teste-mobile.app"; sourceTree = BUILT_PRODUCTS_DIR; };
		890A35F21F9FB72300AA1089 /* AppDelegate.swift */ = {isa = PBXFileReference; lastKnownFileType = sourcecode.swift; path = AppDelegate.swift; sourceTree = "<group>"; };
		890A35F91F9FB72300AA1089 /* Assets.xcassets */ = {isa = PBXFileReference; lastKnownFileType = folder.assetcatalog; path = Assets.xcassets; sourceTree = "<group>"; };
		890A35FC1F9FB72300AA1089 /* Base */ = {isa = PBXFileReference; lastKnownFileType = file.storyboard; name = Base; path = Base.lproj/LaunchScreen.storyboard; sourceTree = "<group>"; };
		890A35FE1F9FB72300AA1089 /* Info.plist */ = {isa = PBXFileReference; lastKnownFileType = text.plist.xml; path = Info.plist; sourceTree = "<group>"; };
		890A36061F9FBCD300AA1089 /* APIManager.swift */ = {isa = PBXFileReference; fileEncoding = 4; lastKnownFileType = sourcecode.swift; name = APIManager.swift; path = Extension/APIManager.swift; sourceTree = "<group>"; };
		890A36071F9FBCD300AA1089 /* NavigationBar.swift */ = {isa = PBXFileReference; fileEncoding = 4; lastKnownFileType = sourcecode.swift; name = NavigationBar.swift; path = Extension/NavigationBar.swift; sourceTree = "<group>"; };
		890A36081F9FBCD300AA1089 /* NavigationBar.xib */ = {isa = PBXFileReference; fileEncoding = 4; lastKnownFileType = file.xib; name = NavigationBar.xib; path = Extension/NavigationBar.xib; sourceTree = "<group>"; };
		890A36091F9FBCD300AA1089 /* NetworkReachability.swift */ = {isa = PBXFileReference; fileEncoding = 4; lastKnownFileType = sourcecode.swift; name = NetworkReachability.swift; path = Extension/NetworkReachability.swift; sourceTree = "<group>"; };
		890A360A1F9FBCD300AA1089 /* UIAlertController.swift */ = {isa = PBXFileReference; fileEncoding = 4; lastKnownFileType = sourcecode.swift; name = UIAlertController.swift; path = Extension/UIAlertController.swift; sourceTree = "<group>"; };
		890A360B1F9FBCD300AA1089 /* UILabel+Extension.swift */ = {isa = PBXFileReference; fileEncoding = 4; lastKnownFileType = sourcecode.swift; name = "UILabel+Extension.swift"; path = "Extension/UILabel+Extension.swift"; sourceTree = "<group>"; };
		890A360C1F9FBCD300AA1089 /* ViewUtil.swift */ = {isa = PBXFileReference; fileEncoding = 4; lastKnownFileType = sourcecode.swift; name = ViewUtil.swift; path = Extension/ViewUtil.swift; sourceTree = "<group>"; };
		890A36141F9FBDD800AA1089 /* HomeViewController.swift */ = {isa = PBXFileReference; fileEncoding = 4; lastKnownFileType = sourcecode.swift; path = HomeViewController.swift; sourceTree = "<group>"; };
		890A36171F9FBDE100AA1089 /* Base */ = {isa = PBXFileReference; lastKnownFileType = file.storyboard; name = Base; path = Base.lproj/Home.storyboard; sourceTree = "<group>"; };
		890A361A1F9FC47700AA1089 /* HomePresenter.swift */ = {isa = PBXFileReference; fileEncoding = 4; lastKnownFileType = sourcecode.swift; path = HomePresenter.swift; sourceTree = "<group>"; };
		890A361C1F9FC48400AA1089 /* HomeService.swift */ = {isa = PBXFileReference; fileEncoding = 4; lastKnownFileType = sourcecode.swift; path = HomeService.swift; sourceTree = "<group>"; };
		890A361F1F9FCCD200AA1089 /* Video.swift */ = {isa = PBXFileReference; fileEncoding = 4; lastKnownFileType = sourcecode.swift; path = Video.swift; sourceTree = "<group>"; };
		890A36211F9FD26400AA1089 /* APIConstants.swift */ = {isa = PBXFileReference; fileEncoding = 4; lastKnownFileType = sourcecode.swift; name = APIConstants.swift; path = Extension/APIConstants.swift; sourceTree = "<group>"; };
		890A36231F9FDF6700AA1089 /* VideosViewController.swift */ = {isa = PBXFileReference; fileEncoding = 4; lastKnownFileType = sourcecode.swift; path = VideosViewController.swift; sourceTree = "<group>"; };
		89FFE1021F9FE6BD007C44CF /* Base */ = {isa = PBXFileReference; lastKnownFileType = file.storyboard; name = Base; path = Base.lproj/Videos.storyboard; sourceTree = "<group>"; };
		89FFE1081FA00E3A007C44CF /* videoTableViewCell.swift */ = {isa = PBXFileReference; fileEncoding = 4; lastKnownFileType = sourcecode.swift; path = videoTableViewCell.swift; sourceTree = "<group>"; };
		89FFE1091FA00E3A007C44CF /* videoTableViewCell.xib */ = {isa = PBXFileReference; fileEncoding = 4; lastKnownFileType = file.xib; path = videoTableViewCell.xib; sourceTree = "<group>"; };
		89FFE10C1FA01CE3007C44CF /* VideosPresenter.swift */ = {isa = PBXFileReference; fileEncoding = 4; lastKnownFileType = sourcecode.swift; path = VideosPresenter.swift; sourceTree = "<group>"; };
		89FFE1131FA11C4D007C44CF /* DetailVideoPresenter.swift */ = {isa = PBXFileReference; fileEncoding = 4; lastKnownFileType = sourcecode.swift; path = DetailVideoPresenter.swift; sourceTree = "<group>"; };
		89FFE1141FA11C4D007C44CF /* DetailVideoViewController.swift */ = {isa = PBXFileReference; fileEncoding = 4; lastKnownFileType = sourcecode.swift; path = DetailVideoViewController.swift; sourceTree = "<group>"; };
		89FFE1171FA11DFC007C44CF /* DetailVideoService.swift */ = {isa = PBXFileReference; fileEncoding = 4; lastKnownFileType = sourcecode.swift; path = DetailVideoService.swift; sourceTree = "<group>"; };
		BE76D76D81DA4D90ED5B85A2 /* Pods-teste-mobile.debug.xcconfig */ = {isa = PBXFileReference; includeInIndex = 1; lastKnownFileType = text.xcconfig; name = "Pods-teste-mobile.debug.xcconfig"; path = "Pods/Target Support Files/Pods-teste-mobile/Pods-teste-mobile.debug.xcconfig"; sourceTree = "<group>"; };
		CCBDF50F833B636DC77EFCD9 /* Pods-teste-mobile.release.xcconfig */ = {isa = PBXFileReference; includeInIndex = 1; lastKnownFileType = text.xcconfig; name = "Pods-teste-mobile.release.xcconfig"; path = "Pods/Target Support Files/Pods-teste-mobile/Pods-teste-mobile.release.xcconfig"; sourceTree = "<group>"; };
/* End PBXFileReference section */

/* Begin PBXFrameworksBuildPhase section */
		890A35EC1F9FB72300AA1089 /* Frameworks */ = {
			isa = PBXFrameworksBuildPhase;
			buildActionMask = 2147483647;
			files = (
				E23406D554186615E42FDD14 /* Pods_teste_mobile.framework in Frameworks */,
			);
			runOnlyForDeploymentPostprocessing = 0;
		};
/* End PBXFrameworksBuildPhase section */

/* Begin PBXGroup section */
		890A35E61F9FB72300AA1089 = {
			isa = PBXGroup;
			children = (
				890A35F11F9FB72300AA1089 /* teste-mobile */,
				890A35F01F9FB72300AA1089 /* Products */,
				CC322AFC69892B5AB11FD2B7 /* Pods */,
				8CF5AC17BFC3EE3002C85BF6 /* Frameworks */,
			);
			sourceTree = "<group>";
		};
		890A35F01F9FB72300AA1089 /* Products */ = {
			isa = PBXGroup;
			children = (
				890A35EF1F9FB72300AA1089 /* teste-mobile.app */,
			);
			name = Products;
			sourceTree = "<group>";
		};
		890A35F11F9FB72300AA1089 /* teste-mobile */ = {
			isa = PBXGroup;
			children = (
				890A361E1F9FCCBC00AA1089 /* Model */,
				890A36051F9FBCC300AA1089 /* Utils+Extension */,
				890A36191F9FBDF300AA1089 /* Resources */,
				890A36251F9FE27500AA1089 /* Home */,
				890A36291F9FE30F00AA1089 /* Videos */,
				89FFE1101FA11170007C44CF /* Description */,
				890A35F21F9FB72300AA1089 /* AppDelegate.swift */,
			);
			path = "teste-mobile";
			sourceTree = "<group>";
		};
		890A36051F9FBCC300AA1089 /* Utils+Extension */ = {
			isa = PBXGroup;
			children = (
				890A36061F9FBCD300AA1089 /* APIManager.swift */,
				890A36071F9FBCD300AA1089 /* NavigationBar.swift */,
				890A36081F9FBCD300AA1089 /* NavigationBar.xib */,
				890A36091F9FBCD300AA1089 /* NetworkReachability.swift */,
				890A360A1F9FBCD300AA1089 /* UIAlertController.swift */,
				890A360B1F9FBCD300AA1089 /* UILabel+Extension.swift */,
				890A360C1F9FBCD300AA1089 /* ViewUtil.swift */,
				890A36211F9FD26400AA1089 /* APIConstants.swift */,
			);
			name = "Utils+Extension";
			sourceTree = "<group>";
		};
		890A36191F9FBDF300AA1089 /* Resources */ = {
			isa = PBXGroup;
			children = (
				890A35F91F9FB72300AA1089 /* Assets.xcassets */,
				890A35FB1F9FB72300AA1089 /* LaunchScreen.storyboard */,
				890A35FE1F9FB72300AA1089 /* Info.plist */,
			);
			name = Resources;
			sourceTree = "<group>";
		};
		890A361E1F9FCCBC00AA1089 /* Model */ = {
			isa = PBXGroup;
			children = (
				890A361F1F9FCCD200AA1089 /* Video.swift */,
			);
			name = Model;
			sourceTree = "<group>";
		};
		890A36251F9FE27500AA1089 /* Home */ = {
			isa = PBXGroup;
			children = (
				890A36161F9FBDE100AA1089 /* Home.storyboard */,
				890A361A1F9FC47700AA1089 /* HomePresenter.swift */,
				890A361C1F9FC48400AA1089 /* HomeService.swift */,
				890A36141F9FBDD800AA1089 /* HomeViewController.swift */,
			);
			name = Home;
			sourceTree = "<group>";
		};
		890A36291F9FE30F00AA1089 /* Videos */ = {
			isa = PBXGroup;
			children = (
				890A36231F9FDF6700AA1089 /* VideosViewController.swift */,
				89FFE10C1FA01CE3007C44CF /* VideosPresenter.swift */,
				89FFE1011F9FE6BD007C44CF /* Videos.storyboard */,
				89FFE1081FA00E3A007C44CF /* videoTableViewCell.swift */,
				89FFE1091FA00E3A007C44CF /* videoTableViewCell.xib */,
			);
			name = Videos;
			sourceTree = "<group>";
		};
		89FFE1101FA11170007C44CF /* Description */ = {
			isa = PBXGroup;
			children = (
				89FFE1131FA11C4D007C44CF /* DetailVideoPresenter.swift */,
				89FFE1171FA11DFC007C44CF /* DetailVideoService.swift */,
				89FFE1141FA11C4D007C44CF /* DetailVideoViewController.swift */,
			);
			name = Description;
			sourceTree = "<group>";
		};
		8CF5AC17BFC3EE3002C85BF6 /* Frameworks */ = {
			isa = PBXGroup;
			children = (
				4158AD92521240D37651C8F1 /* Pods_teste_mobile.framework */,
			);
			name = Frameworks;
			sourceTree = "<group>";
		};
		CC322AFC69892B5AB11FD2B7 /* Pods */ = {
			isa = PBXGroup;
			children = (
				BE76D76D81DA4D90ED5B85A2 /* Pods-teste-mobile.debug.xcconfig */,
				CCBDF50F833B636DC77EFCD9 /* Pods-teste-mobile.release.xcconfig */,
			);
			name = Pods;
			sourceTree = "<group>";
		};
/* End PBXGroup section */

/* Begin PBXNativeTarget section */
		890A35EE1F9FB72300AA1089 /* teste-mobile */ = {
			isa = PBXNativeTarget;
			buildConfigurationList = 890A36011F9FB72300AA1089 /* Build configuration list for PBXNativeTarget "teste-mobile" */;
			buildPhases = (
				35AB47F2A157A376B8D6E5BD /* [CP] Check Pods Manifest.lock */,
				890A35EB1F9FB72300AA1089 /* Sources */,
				890A35EC1F9FB72300AA1089 /* Frameworks */,
				890A35ED1F9FB72300AA1089 /* Resources */,
				6329B5774E4562BD292E6AE1 /* [CP] Embed Pods Frameworks */,
				BA1020A2B9E36AAA3B903F4D /* [CP] Copy Pods Resources */,
			);
			buildRules = (
			);
			dependencies = (
			);
			name = "teste-mobile";
			productName = "teste-mobile";
			productReference = 890A35EF1F9FB72300AA1089 /* teste-mobile.app */;
			productType = "com.apple.product-type.application";
		};
/* End PBXNativeTarget section */

/* Begin PBXProject section */
		890A35E71F9FB72300AA1089 /* Project object */ = {
			isa = PBXProject;
			attributes = {
				LastSwiftUpdateCheck = 0830;
				LastUpgradeCheck = 0830;
				ORGANIZATIONNAME = "Nicolau Atala Pelluzi";
				TargetAttributes = {
					890A35EE1F9FB72300AA1089 = {
						CreatedOnToolsVersion = 8.3.3;
						DevelopmentTeam = ZXYSZCCRU7;
						ProvisioningStyle = Automatic;
					};
				};
			};
			buildConfigurationList = 890A35EA1F9FB72300AA1089 /* Build configuration list for PBXProject "teste-mobile" */;
			compatibilityVersion = "Xcode 3.2";
			developmentRegion = English;
			hasScannedForEncodings = 0;
			knownRegions = (
				en,
				Base,
			);
			mainGroup = 890A35E61F9FB72300AA1089;
			productRefGroup = 890A35F01F9FB72300AA1089 /* Products */;
			projectDirPath = "";
			projectRoot = "";
			targets = (
				890A35EE1F9FB72300AA1089 /* teste-mobile */,
			);
		};
/* End PBXProject section */

/* Begin PBXResourcesBuildPhase section */
		890A35ED1F9FB72300AA1089 /* Resources */ = {
			isa = PBXResourcesBuildPhase;
			buildActionMask = 2147483647;
			files = (
				890A35FD1F9FB72300AA1089 /* LaunchScreen.storyboard in Resources */,
				890A35FA1F9FB72300AA1089 /* Assets.xcassets in Resources */,
				890A360F1F9FBCD300AA1089 /* NavigationBar.xib in Resources */,
				89FFE10B1FA00E3A007C44CF /* videoTableViewCell.xib in Resources */,
				89FFE1031F9FE6BD007C44CF /* Videos.storyboard in Resources */,
				890A36181F9FBDE100AA1089 /* Home.storyboard in Resources */,
			);
			runOnlyForDeploymentPostprocessing = 0;
		};
/* End PBXResourcesBuildPhase section */

/* Begin PBXShellScriptBuildPhase section */
		35AB47F2A157A376B8D6E5BD /* [CP] Check Pods Manifest.lock */ = {
			isa = PBXShellScriptBuildPhase;
			buildActionMask = 2147483647;
			files = (
			);
			inputPaths = (
				"${PODS_PODFILE_DIR_PATH}/Podfile.lock",
				"${PODS_ROOT}/Manifest.lock",
			);
			name = "[CP] Check Pods Manifest.lock";
			outputPaths = (
				"$(DERIVED_FILE_DIR)/Pods-teste-mobile-checkManifestLockResult.txt",
			);
			runOnlyForDeploymentPostprocessing = 0;
			shellPath = /bin/sh;
			shellScript = "diff \"${PODS_PODFILE_DIR_PATH}/Podfile.lock\" \"${PODS_ROOT}/Manifest.lock\" > /dev/null\nif [ $? != 0 ] ; then\n    # print error to STDERR\n    echo \"error: The sandbox is not in sync with the Podfile.lock. Run 'pod install' or update your CocoaPods installation.\" >&2\n    exit 1\nfi\n# This output is used by Xcode 'outputs' to avoid re-running this script phase.\necho \"SUCCESS\" > \"${SCRIPT_OUTPUT_FILE_0}\"\n";
			showEnvVarsInLog = 0;
		};
		6329B5774E4562BD292E6AE1 /* [CP] Embed Pods Frameworks */ = {
			isa = PBXShellScriptBuildPhase;
			buildActionMask = 2147483647;
			files = (
			);
			inputPaths = (
				"${SRCROOT}/Pods/Target Support Files/Pods-teste-mobile/Pods-teste-mobile-frameworks.sh",
				"${BUILT_PRODUCTS_DIR}/Alamofire/Alamofire.framework",
				"${BUILT_PRODUCTS_DIR}/Kingfisher/Kingfisher.framework",
				"${BUILT_PRODUCTS_DIR}/PKHUD/PKHUD.framework",
				"${BUILT_PRODUCTS_DIR}/SwiftyJSON/SwiftyJSON.framework",
			);
			name = "[CP] Embed Pods Frameworks";
			outputPaths = (
				"${TARGET_BUILD_DIR}/${FRAMEWORKS_FOLDER_PATH}/Alamofire.framework",
				"${TARGET_BUILD_DIR}/${FRAMEWORKS_FOLDER_PATH}/Kingfisher.framework",
				"${TARGET_BUILD_DIR}/${FRAMEWORKS_FOLDER_PATH}/PKHUD.framework",
				"${TARGET_BUILD_DIR}/${FRAMEWORKS_FOLDER_PATH}/SwiftyJSON.framework",
			);
			runOnlyForDeploymentPostprocessing = 0;
			shellPath = /bin/sh;
			shellScript = "\"${SRCROOT}/Pods/Target Support Files/Pods-teste-mobile/Pods-teste-mobile-frameworks.sh\"\n";
			showEnvVarsInLog = 0;
		};
		BA1020A2B9E36AAA3B903F4D /* [CP] Copy Pods Resources */ = {
			isa = PBXShellScriptBuildPhase;
			buildActionMask = 2147483647;
			files = (
			);
			inputPaths = (
			);
			name = "[CP] Copy Pods Resources";
			outputPaths = (
			);
			runOnlyForDeploymentPostprocessing = 0;
			shellPath = /bin/sh;
			shellScript = "\"${SRCROOT}/Pods/Target Support Files/Pods-teste-mobile/Pods-teste-mobile-resources.sh\"\n";
			showEnvVarsInLog = 0;
		};
/* End PBXShellScriptBuildPhase section */

/* Begin PBXSourcesBuildPhase section */
		890A35EB1F9FB72300AA1089 /* Sources */ = {
			isa = PBXSourcesBuildPhase;
			buildActionMask = 2147483647;
			files = (
				890A360D1F9FBCD300AA1089 /* APIManager.swift in Sources */,
				890A36131F9FBCD300AA1089 /* ViewUtil.swift in Sources */,
				890A35F31F9FB72300AA1089 /* AppDelegate.swift in Sources */,
				890A36151F9FBDD800AA1089 /* HomeViewController.swift in Sources */,
				89FFE10D1FA01CE3007C44CF /* VideosPresenter.swift in Sources */,
				890A361D1F9FC48400AA1089 /* HomeService.swift in Sources */,
				890A36121F9FBCD300AA1089 /* UILabel+Extension.swift in Sources */,
				89FFE1151FA11C4D007C44CF /* DetailVideoPresenter.swift in Sources */,
				890A360E1F9FBCD300AA1089 /* NavigationBar.swift in Sources */,
				890A361B1F9FC47700AA1089 /* HomePresenter.swift in Sources */,
				890A36241F9FDF6700AA1089 /* VideosViewController.swift in Sources */,
				89FFE1161FA11C4D007C44CF /* DetailVideoViewController.swift in Sources */,
				890A36221F9FD26400AA1089 /* APIConstants.swift in Sources */,
				890A36111F9FBCD300AA1089 /* UIAlertController.swift in Sources */,
				89FFE10A1FA00E3A007C44CF /* videoTableViewCell.swift in Sources */,
				890A36101F9FBCD300AA1089 /* NetworkReachability.swift in Sources */,
				89FFE1181FA11DFC007C44CF /* DetailVideoService.swift in Sources */,
				890A36201F9FCCD200AA1089 /* Video.swift in Sources */,
			);
			runOnlyForDeploymentPostprocessing = 0;
		};
/* End PBXSourcesBuildPhase section */

/* Begin PBXVariantGroup section */
		890A35FB1F9FB72300AA1089 /* LaunchScreen.storyboard */ = {
			isa = PBXVariantGroup;
			children = (
				890A35FC1F9FB72300AA1089 /* Base */,
			);
			name = LaunchScreen.storyboard;
			sourceTree = "<group>";
		};
		890A36161F9FBDE100AA1089 /* Home.storyboard */ = {
			isa = PBXVariantGroup;
			children = (
				890A36171F9FBDE100AA1089 /* Base */,
			);
			name = Home.storyboard;
			sourceTree = "<group>";
		};
		89FFE1011F9FE6BD007C44CF /* Videos.storyboard */ = {
			isa = PBXVariantGroup;
			children = (
				89FFE1021F9FE6BD007C44CF /* Base */,
			);
			name = Videos.storyboard;
			sourceTree = "<group>";
		};
/* End PBXVariantGroup section */

/* Begin XCBuildConfiguration section */
		890A35FF1F9FB72300AA1089 /* Debug */ = {
			isa = XCBuildConfiguration;
			buildSettings = {
				ALWAYS_SEARCH_USER_PATHS = NO;
				CLANG_ANALYZER_NONNULL = YES;
				CLANG_ANALYZER_NUMBER_OBJECT_CONVERSION = YES_AGGRESSIVE;
				CLANG_CXX_LANGUAGE_STANDARD = "gnu++0x";
				CLANG_CXX_LIBRARY = "libc++";
				CLANG_ENABLE_MODULES = YES;
				CLANG_ENABLE_OBJC_ARC = YES;
				CLANG_WARN_BOOL_CONVERSION = YES;
				CLANG_WARN_CONSTANT_CONVERSION = YES;
				CLANG_WARN_DIRECT_OBJC_ISA_USAGE = YES_ERROR;
				CLANG_WARN_DOCUMENTATION_COMMENTS = YES;
				CLANG_WARN_EMPTY_BODY = YES;
				CLANG_WARN_ENUM_CONVERSION = YES;
				CLANG_WARN_INFINITE_RECURSION = YES;
				CLANG_WARN_INT_CONVERSION = YES;
				CLANG_WARN_OBJC_ROOT_CLASS = YES_ERROR;
				CLANG_WARN_SUSPICIOUS_MOVE = YES;
				CLANG_WARN_UNREACHABLE_CODE = YES;
				CLANG_WARN__DUPLICATE_METHOD_MATCH = YES;
				"CODE_SIGN_IDENTITY[sdk=iphoneos*]" = "iPhone Developer";
				COPY_PHASE_STRIP = NO;
				DEBUG_INFORMATION_FORMAT = dwarf;
				ENABLE_STRICT_OBJC_MSGSEND = YES;
				ENABLE_TESTABILITY = YES;
				GCC_C_LANGUAGE_STANDARD = gnu99;
				GCC_DYNAMIC_NO_PIC = NO;
				GCC_NO_COMMON_BLOCKS = YES;
				GCC_OPTIMIZATION_LEVEL = 0;
				GCC_PREPROCESSOR_DEFINITIONS = (
					"DEBUG=1",
					"$(inherited)",
				);
				GCC_WARN_64_TO_32_BIT_CONVERSION = YES;
				GCC_WARN_ABOUT_RETURN_TYPE = YES_ERROR;
				GCC_WARN_UNDECLARED_SELECTOR = YES;
				GCC_WARN_UNINITIALIZED_AUTOS = YES_AGGRESSIVE;
				GCC_WARN_UNUSED_FUNCTION = YES;
				GCC_WARN_UNUSED_VARIABLE = YES;
				IPHONEOS_DEPLOYMENT_TARGET = 10.3;
				MTL_ENABLE_DEBUG_INFO = YES;
				ONLY_ACTIVE_ARCH = YES;
				SDKROOT = iphoneos;
				SWIFT_ACTIVE_COMPILATION_CONDITIONS = DEBUG;
				SWIFT_OPTIMIZATION_LEVEL = "-Onone";
			};
			name = Debug;
		};
		890A36001F9FB72300AA1089 /* Release */ = {
			isa = XCBuildConfiguration;
			buildSettings = {
				ALWAYS_SEARCH_USER_PATHS = NO;
				CLANG_ANALYZER_NONNULL = YES;
				CLANG_ANALYZER_NUMBER_OBJECT_CONVERSION = YES_AGGRESSIVE;
				CLANG_CXX_LANGUAGE_STANDARD = "gnu++0x";
				CLANG_CXX_LIBRARY = "libc++";
				CLANG_ENABLE_MODULES = YES;
				CLANG_ENABLE_OBJC_ARC = YES;
				CLANG_WARN_BOOL_CONVERSION = YES;
				CLANG_WARN_CONSTANT_CONVERSION = YES;
				CLANG_WARN_DIRECT_OBJC_ISA_USAGE = YES_ERROR;
				CLANG_WARN_DOCUMENTATION_COMMENTS = YES;
				CLANG_WARN_EMPTY_BODY = YES;
				CLANG_WARN_ENUM_CONVERSION = YES;
				CLANG_WARN_INFINITE_RECURSION = YES;
				CLANG_WARN_INT_CONVERSION = YES;
				CLANG_WARN_OBJC_ROOT_CLASS = YES_ERROR;
				CLANG_WARN_SUSPICIOUS_MOVE = YES;
				CLANG_WARN_UNREACHABLE_CODE = YES;
				CLANG_WARN__DUPLICATE_METHOD_MATCH = YES;
				"CODE_SIGN_IDENTITY[sdk=iphoneos*]" = "iPhone Developer";
				COPY_PHASE_STRIP = NO;
				DEBUG_INFORMATION_FORMAT = "dwarf-with-dsym";
				ENABLE_NS_ASSERTIONS = NO;
				ENABLE_STRICT_OBJC_MSGSEND = YES;
				GCC_C_LANGUAGE_STANDARD = gnu99;
				GCC_NO_COMMON_BLOCKS = YES;
				GCC_WARN_64_TO_32_BIT_CONVERSION = YES;
				GCC_WARN_ABOUT_RETURN_TYPE = YES_ERROR;
				GCC_WARN_UNDECLARED_SELECTOR = YES;
				GCC_WARN_UNINITIALIZED_AUTOS = YES_AGGRESSIVE;
				GCC_WARN_UNUSED_FUNCTION = YES;
				GCC_WARN_UNUSED_VARIABLE = YES;
				IPHONEOS_DEPLOYMENT_TARGET = 10.3;
				MTL_ENABLE_DEBUG_INFO = NO;
				SDKROOT = iphoneos;
				SWIFT_OPTIMIZATION_LEVEL = "-Owholemodule";
				VALIDATE_PRODUCT = YES;
			};
			name = Release;
		};
		890A36021F9FB72300AA1089 /* Debug */ = {
			isa = XCBuildConfiguration;
			baseConfigurationReference = BE76D76D81DA4D90ED5B85A2 /* Pods-teste-mobile.debug.xcconfig */;
			buildSettings = {
				ASSETCATALOG_COMPILER_APPICON_NAME = AppIcon;
				DEVELOPMENT_TEAM = ZXYSZCCRU7;
				INFOPLIST_FILE = "teste-mobile/Info.plist";
				LD_RUNPATH_SEARCH_PATHS = "$(inherited) @executable_path/Frameworks";
				PRODUCT_BUNDLE_IDENTIFIER = "com.uabit.teste-mobile";
				PRODUCT_NAME = "$(TARGET_NAME)";
				SWIFT_VERSION = 3.0;
			};
			name = Debug;
		};
		890A36031F9FB72300AA1089 /* Release */ = {
			isa = XCBuildConfiguration;
			baseConfigurationReference = CCBDF50F833B636DC77EFCD9 /* Pods-teste-mobile.release.xcconfig */;
			buildSettings = {
				ASSETCATALOG_COMPILER_APPICON_NAME = AppIcon;
				DEVELOPMENT_TEAM = ZXYSZCCRU7;
				INFOPLIST_FILE = "teste-mobile/Info.plist";
				LD_RUNPATH_SEARCH_PATHS = "$(inherited) @executable_path/Frameworks";
				PRODUCT_BUNDLE_IDENTIFIER = "com.uabit.teste-mobile";
				PRODUCT_NAME = "$(TARGET_NAME)";
				SWIFT_VERSION = 3.0;
			};
			name = Release;
		};
/* End XCBuildConfiguration section */

/* Begin XCConfigurationList section */
		890A35EA1F9FB72300AA1089 /* Build configuration list for PBXProject "teste-mobile" */ = {
			isa = XCConfigurationList;
			buildConfigurations = (
				890A35FF1F9FB72300AA1089 /* Debug */,
				890A36001F9FB72300AA1089 /* Release */,
			);
			defaultConfigurationIsVisible = 0;
			defaultConfigurationName = Release;
		};
		890A36011F9FB72300AA1089 /* Build configuration list for PBXNativeTarget "teste-mobile" */ = {
			isa = XCConfigurationList;
			buildConfigurations = (
				890A36021F9FB72300AA1089 /* Debug */,
				890A36031F9FB72300AA1089 /* Release */,
			);
			defaultConfigurationIsVisible = 0;
			defaultConfigurationName = Release;
		};
/* End XCConfigurationList section */
	};
	rootObject = 890A35E71F9FB72300AA1089 /* Project object */;
}
